schema: '2.0'
stages:
  prepare:
    cmd: uv run python src/prepare.py
    deps:
    - path: pyproject.toml
      hash: md5
      md5: 482ba0d34f7a646c4cc8f697d427462c
      size: 346
    - path: src/prepare.py
      hash: md5
      md5: 3061be75c9792c847405fd2082d036dc
      size: 743
    - path: uv.lock
      hash: md5
      md5: f97eb41c8c0a0b476c7942be12df1928
      size: 570101
    outs:
    - path: data/raw
      hash: md5
      md5: 23b0000338669d2c61217dbd94633aa0.dir
      size: 54950512
      nfiles: 4
  preprocess:
    cmd: uv run python src/preprocess.py
    deps:
    - path: data/raw
      hash: md5
      md5: 23b0000338669d2c61217dbd94633aa0.dir
      size: 54950512
      nfiles: 4
    - path: pyproject.toml
      hash: md5
      md5: 482ba0d34f7a646c4cc8f697d427462c
      size: 346
    - path: src/preprocess.py
      hash: md5
      md5: dc9430bb4052564e6e7502bac9221af5
      size: 1592
    - path: uv.lock
      hash: md5
      md5: f97eb41c8c0a0b476c7942be12df1928
      size: 570101
    params:
      params.yaml:
        preprocess.seed: 42
        preprocess.test_size: 0.2
    outs:
    - path: data/processed
      hash: md5
      md5: eeb8cf242a713e05d8e689a1ad558025.dir
      size: 219590768
      nfiles: 6
  train:
    cmd: uv run python src/train.py
    deps:
    - path: data/processed
      hash: md5
      md5: eeb8cf242a713e05d8e689a1ad558025.dir
      size: 219590768
      nfiles: 6
    - path: pyproject.toml
      hash: md5
      md5: 482ba0d34f7a646c4cc8f697d427462c
      size: 346
    - path: src/train.py
      hash: md5
      md5: 4ab8c665be1961fd9008d769930feedf
      size: 2425
    - path: uv.lock
      hash: md5
      md5: f97eb41c8c0a0b476c7942be12df1928
      size: 570101
    params:
      params.yaml:
        train.batch_size: 128
        train.dense_units: 128
        train.dropout_rate: 0.2
        train.epochs: 20
        train.learning_rate: 0.001
        train.seed: 42
    outs:
    - path: models
      hash: md5
      md5: 172dccfdc56a3395d35a26ab28ee3363.dir
      size: 1246916
      nfiles: 2
  evaluate:
    cmd: uv run python src/evaluate.py
    deps:
    - path: data/processed/x_test.npy
      hash: md5
      md5: b2ec522e81e966822712b8ecf0af1412
      size: 31360128
    - path: data/processed/y_test.npy
      hash: md5
      md5: e6d24ffff98bc973b3c14df1b4a56631
      size: 10128
    - path: models/model.h5
      hash: md5
      md5: d532de29428b7b745d8300b233473568
      size: 1245272
    - path: pyproject.toml
      hash: md5
      md5: 482ba0d34f7a646c4cc8f697d427462c
      size: 346
    - path: src/evaluate.py
      hash: md5
      md5: f2f03eaa953cbc6cb7a695048326c1cc
      size: 2267
    - path: uv.lock
      hash: md5
      md5: f97eb41c8c0a0b476c7942be12df1928
      size: 570101
    outs:
    - path: metrics.json
      hash: md5
      md5: 72c718ecda314eba4198bb04ed9880ac
      size: 107
    - path: reports
      hash: md5
      md5: 818806f2b3fe675b2c5be6d3db303f47.dir
      size: 100233
      nfiles: 2
